{
  "name": "testnode",
  "version": "1.0.0",
  "lockfileVersion": 3,
  "requires": true,
  "packages": {
    "": {
      "name": "testnode",
      "version": "1.0.0",
      "license": "ISC",
      "dependencies": {
        "solve_quadratic_node": "^1.0.0"
      }
    },
    "node_modules/solve_quadratic_node": {
      "version": "1.0.0",
      "resolved": "https://registry.npmjs.org/solve_quadratic_node/-/solve_quadratic_node-1.0.0.tgz",
      "integrity": "sha512-uQDdGn8gOOkkivX8xiaVXUfrarRtMcDW/1Dqe+lChaHenDDHIgiDCel+vk8so8sfhVGCSMOoeg9HSNzJIpI6ig=="
    }
  }
}
